// !$*UTF8*$!
{
	archiveVersion = 1;
	classes = {
	};
	objectVersion = 46;
	objects = {

/* Begin PBXBuildFile section */
		1F35F4C5F7166DE40942FD94 /* Pods_ShashankSR.framework in Frameworks */ = {isa = PBXBuildFile; fileRef = 3CCFFAAC111F9F973E1AFDFA /* Pods_ShashankSR.framework */; };
		3398A2CFF1B6576D03B73FD1 /* Pods_ShashankSRTests.framework in Frameworks */ = {isa = PBXBuildFile; fileRef = AF9A4D93F8003CFA29E1FA2B /* Pods_ShashankSRTests.framework */; };
		983BB2F61D58C7D10014849D /* AppDelegate.swift in Sources */ = {isa = PBXBuildFile; fileRef = 983BB2F51D58C7D10014849D /* AppDelegate.swift */; };
		983BB2FB1D58C7D10014849D /* Main.storyboard in Resources */ = {isa = PBXBuildFile; fileRef = 983BB2F91D58C7D10014849D /* Main.storyboard */; };
		983BB2FD1D58C7D10014849D /* Assets.xcassets in Resources */ = {isa = PBXBuildFile; fileRef = 983BB2FC1D58C7D10014849D /* Assets.xcassets */; };
		983BB3001D58C7D10014849D /* LaunchScreen.storyboard in Resources */ = {isa = PBXBuildFile; fileRef = 983BB2FE1D58C7D10014849D /* LaunchScreen.storyboard */; };
		983BB30B1D58C7D10014849D /* ShashankSRTests.swift in Sources */ = {isa = PBXBuildFile; fileRef = 983BB30A1D58C7D10014849D /* ShashankSRTests.swift */; };
		983BB3161D58C7D10014849D /* ShashankSRUITests.swift in Sources */ = {isa = PBXBuildFile; fileRef = 983BB3151D58C7D10014849D /* ShashankSRUITests.swift */; };
		9855482E1D59AD1500A3BD9F /* Assign1ViewController.swift in Sources */ = {isa = PBXBuildFile; fileRef = 9855482D1D59AD1500A3BD9F /* Assign1ViewController.swift */; };
		985548301D59AD2900A3BD9F /* Assign2ViewController.swift in Sources */ = {isa = PBXBuildFile; fileRef = 9855482F1D59AD2900A3BD9F /* Assign2ViewController.swift */; };
		98A784661D5AF4E800BE449A /* Default-568h@2x.png in Resources */ = {isa = PBXBuildFile; fileRef = 98A784651D5AF4E800BE449A /* Default-568h@2x.png */; };
		98BF89421D58D15600D782F8 /* MasterTableViewController.swift in Sources */ = {isa = PBXBuildFile; fileRef = 98BF89411D58D15600D782F8 /* MasterTableViewController.swift */; };
		A66DDC50B2ED286CB2E5BC50 /* Pods_ShashankSRUITests.framework in Frameworks */ = {isa = PBXBuildFile; fileRef = DEB4970F1F946272BCD7A098 /* Pods_ShashankSRUITests.framework */; };
/* End PBXBuildFile section */

/* Begin PBXContainerItemProxy section */
		983BB3071D58C7D10014849D /* PBXContainerItemProxy */ = {
			isa = PBXContainerItemProxy;
			containerPortal = 983BB2EA1D58C7D10014849D /* Project object */;
			proxyType = 1;
			remoteGlobalIDString = 983BB2F11D58C7D10014849D;
			remoteInfo = ShashankSR;
		};
		983BB3121D58C7D10014849D /* PBXContainerItemProxy */ = {
			isa = PBXContainerItemProxy;
			containerPortal = 983BB2EA1D58C7D10014849D /* Project object */;
			proxyType = 1;
			remoteGlobalIDString = 983BB2F11D58C7D10014849D;
			remoteInfo = ShashankSR;
		};
/* End PBXContainerItemProxy section */

/* Begin PBXFileReference section */
		19E509A1AC0183F9C60948C6 /* Pods-ShashankSRTests.debug.xcconfig */ = {isa = PBXFileReference; includeInIndex = 1; lastKnownFileType = text.xcconfig; name = "Pods-ShashankSRTests.debug.xcconfig"; path = "Pods/Target Support Files/Pods-ShashankSRTests/Pods-ShashankSRTests.debug.xcconfig"; sourceTree = "<group>"; };
		1C28BCDFD697C21381ED3178 /* Pods-ShashankSRUITests.release.xcconfig */ = {isa = PBXFileReference; includeInIndex = 1; lastKnownFileType = text.xcconfig; name = "Pods-ShashankSRUITests.release.xcconfig"; path = "Pods/Target Support Files/Pods-ShashankSRUITests/Pods-ShashankSRUITests.release.xcconfig"; sourceTree = "<group>"; };
		1F978C48C7CE5C8D7F14D8BF /* Pods-ShashankSRTests.release.xcconfig */ = {isa = PBXFileReference; includeInIndex = 1; lastKnownFileType = text.xcconfig; name = "Pods-ShashankSRTests.release.xcconfig"; path = "Pods/Target Support Files/Pods-ShashankSRTests/Pods-ShashankSRTests.release.xcconfig"; sourceTree = "<group>"; };
		3CCFFAAC111F9F973E1AFDFA /* Pods_ShashankSR.framework */ = {isa = PBXFileReference; explicitFileType = wrapper.framework; includeInIndex = 0; path = Pods_ShashankSR.framework; sourceTree = BUILT_PRODUCTS_DIR; };
		5B7146649049485C079DFF7A /* Pods-ShashankSR.release.xcconfig */ = {isa = PBXFileReference; includeInIndex = 1; lastKnownFileType = text.xcconfig; name = "Pods-ShashankSR.release.xcconfig"; path = "Pods/Target Support Files/Pods-ShashankSR/Pods-ShashankSR.release.xcconfig"; sourceTree = "<group>"; };
		983BB2F21D58C7D10014849D /* ShashankSR.app */ = {isa = PBXFileReference; explicitFileType = wrapper.application; includeInIndex = 0; path = ShashankSR.app; sourceTree = BUILT_PRODUCTS_DIR; };
		983BB2F51D58C7D10014849D /* AppDelegate.swift */ = {isa = PBXFileReference; lastKnownFileType = sourcecode.swift; path = AppDelegate.swift; sourceTree = "<group>"; };
		983BB2FA1D58C7D10014849D /* Base */ = {isa = PBXFileReference; lastKnownFileType = file.storyboard; name = Base; path = Base.lproj/Main.storyboard; sourceTree = "<group>"; };
		983BB2FC1D58C7D10014849D /* Assets.xcassets */ = {isa = PBXFileReference; lastKnownFileType = folder.assetcatalog; path = Assets.xcassets; sourceTree = "<group>"; };
		983BB2FF1D58C7D10014849D /* Base */ = {isa = PBXFileReference; lastKnownFileType = file.storyboard; name = Base; path = Base.lproj/LaunchScreen.storyboard; sourceTree = "<group>"; };
		983BB3011D58C7D10014849D /* Info.plist */ = {isa = PBXFileReference; lastKnownFileType = text.plist.xml; path = Info.plist; sourceTree = "<group>"; };
		983BB3061D58C7D10014849D /* ShashankSRTests.xctest */ = {isa = PBXFileReference; explicitFileType = wrapper.cfbundle; includeInIndex = 0; path = ShashankSRTests.xctest; sourceTree = BUILT_PRODUCTS_DIR; };
		983BB30A1D58C7D10014849D /* ShashankSRTests.swift */ = {isa = PBXFileReference; lastKnownFileType = sourcecode.swift; path = ShashankSRTests.swift; sourceTree = "<group>"; };
		983BB30C1D58C7D10014849D /* Info.plist */ = {isa = PBXFileReference; lastKnownFileType = text.plist.xml; path = Info.plist; sourceTree = "<group>"; };
		983BB3111D58C7D10014849D /* ShashankSRUITests.xctest */ = {isa = PBXFileReference; explicitFileType = wrapper.cfbundle; includeInIndex = 0; path = ShashankSRUITests.xctest; sourceTree = BUILT_PRODUCTS_DIR; };
		983BB3151D58C7D10014849D /* ShashankSRUITests.swift */ = {isa = PBXFileReference; lastKnownFileType = sourcecode.swift; path = ShashankSRUITests.swift; sourceTree = "<group>"; };
		983BB3171D58C7D10014849D /* Info.plist */ = {isa = PBXFileReference; lastKnownFileType = text.plist.xml; path = Info.plist; sourceTree = "<group>"; };
		9855482D1D59AD1500A3BD9F /* Assign1ViewController.swift */ = {isa = PBXFileReference; fileEncoding = 4; lastKnownFileType = sourcecode.swift; path = Assign1ViewController.swift; sourceTree = "<group>"; };
		9855482F1D59AD2900A3BD9F /* Assign2ViewController.swift */ = {isa = PBXFileReference; fileEncoding = 4; lastKnownFileType = sourcecode.swift; path = Assign2ViewController.swift; sourceTree = "<group>"; };
		98A784651D5AF4E800BE449A /* Default-568h@2x.png */ = {isa = PBXFileReference; lastKnownFileType = image.png; path = "Default-568h@2x.png"; sourceTree = "<group>"; };
		98BF89411D58D15600D782F8 /* MasterTableViewController.swift */ = {isa = PBXFileReference; fileEncoding = 4; lastKnownFileType = sourcecode.swift; path = MasterTableViewController.swift; sourceTree = "<group>"; };
		AF9A4D93F8003CFA29E1FA2B /* Pods_ShashankSRTests.framework */ = {isa = PBXFileReference; explicitFileType = wrapper.framework; includeInIndex = 0; path = Pods_ShashankSRTests.framework; sourceTree = BUILT_PRODUCTS_DIR; };
		BB2E0E25F1555BFE5D5D363B /* Pods-ShashankSRUITests.debug.xcconfig */ = {isa = PBXFileReference; includeInIndex = 1; lastKnownFileType = text.xcconfig; name = "Pods-ShashankSRUITests.debug.xcconfig"; path = "Pods/Target Support Files/Pods-ShashankSRUITests/Pods-ShashankSRUITests.debug.xcconfig"; sourceTree = "<group>"; };
		DE3EC211C5C572E3DBD6CB40 /* Pods-ShashankSR.debug.xcconfig */ = {isa = PBXFileReference; includeInIndex = 1; lastKnownFileType = text.xcconfig; name = "Pods-ShashankSR.debug.xcconfig"; path = "Pods/Target Support Files/Pods-ShashankSR/Pods-ShashankSR.debug.xcconfig"; sourceTree = "<group>"; };
		DEB4970F1F946272BCD7A098 /* Pods_ShashankSRUITests.framework */ = {isa = PBXFileReference; explicitFileType = wrapper.framework; includeInIndex = 0; path = Pods_ShashankSRUITests.framework; sourceTree = BUILT_PRODUCTS_DIR; };
/* End PBXFileReference section */

/* Begin PBXFrameworksBuildPhase section */
		983BB2EF1D58C7D10014849D /* Frameworks */ = {
			isa = PBXFrameworksBuildPhase;
			buildActionMask = 2147483647;
			files = (
				1F35F4C5F7166DE40942FD94 /* Pods_ShashankSR.framework in Frameworks */,
			);
			runOnlyForDeploymentPostprocessing = 0;
		};
		983BB3031D58C7D10014849D /* Frameworks */ = {
			isa = PBXFrameworksBuildPhase;
			buildActionMask = 2147483647;
			files = (
				3398A2CFF1B6576D03B73FD1 /* Pods_ShashankSRTests.framework in Frameworks */,
			);
			runOnlyForDeploymentPostprocessing = 0;
		};
		983BB30E1D58C7D10014849D /* Frameworks */ = {
			isa = PBXFrameworksBuildPhase;
			buildActionMask = 2147483647;
			files = (
				A66DDC50B2ED286CB2E5BC50 /* Pods_ShashankSRUITests.framework in Frameworks */,
			);
			runOnlyForDeploymentPostprocessing = 0;
		};
/* End PBXFrameworksBuildPhase section */

/* Begin PBXGroup section */
		39DC3F602ABCE3725458A52D /* Pods */ = {
			isa = PBXGroup;
			children = (
				DE3EC211C5C572E3DBD6CB40 /* Pods-ShashankSR.debug.xcconfig */,
				5B7146649049485C079DFF7A /* Pods-ShashankSR.release.xcconfig */,
				19E509A1AC0183F9C60948C6 /* Pods-ShashankSRTests.debug.xcconfig */,
				1F978C48C7CE5C8D7F14D8BF /* Pods-ShashankSRTests.release.xcconfig */,
				BB2E0E25F1555BFE5D5D363B /* Pods-ShashankSRUITests.debug.xcconfig */,
				1C28BCDFD697C21381ED3178 /* Pods-ShashankSRUITests.release.xcconfig */,
			);
			name = Pods;
			sourceTree = "<group>";
		};
		4BCBCFB2C3C9EB6FEDDDC152 /* Frameworks */ = {
			isa = PBXGroup;
			children = (
				3CCFFAAC111F9F973E1AFDFA /* Pods_ShashankSR.framework */,
				AF9A4D93F8003CFA29E1FA2B /* Pods_ShashankSRTests.framework */,
				DEB4970F1F946272BCD7A098 /* Pods_ShashankSRUITests.framework */,
			);
			name = Frameworks;
			sourceTree = "<group>";
		};
		983BB2E91D58C7D10014849D = {
			isa = PBXGroup;
			children = (
				98A784651D5AF4E800BE449A /* Default-568h@2x.png */,
				983BB2F41D58C7D10014849D /* ShashankSR */,
				983BB3091D58C7D10014849D /* ShashankSRTests */,
				983BB3141D58C7D10014849D /* ShashankSRUITests */,
				983BB2F31D58C7D10014849D /* Products */,
				39DC3F602ABCE3725458A52D /* Pods */,
				4BCBCFB2C3C9EB6FEDDDC152 /* Frameworks */,
			);
			sourceTree = "<group>";
		};
		983BB2F31D58C7D10014849D /* Products */ = {
			isa = PBXGroup;
			children = (
				983BB2F21D58C7D10014849D /* ShashankSR.app */,
				983BB3061D58C7D10014849D /* ShashankSRTests.xctest */,
				983BB3111D58C7D10014849D /* ShashankSRUITests.xctest */,
			);
			name = Products;
			sourceTree = "<group>";
		};
		983BB2F41D58C7D10014849D /* ShashankSR */ = {
			isa = PBXGroup;
			children = (
				9855482D1D59AD1500A3BD9F /* Assign1ViewController.swift */,
				9855482F1D59AD2900A3BD9F /* Assign2ViewController.swift */,
				983BB2F51D58C7D10014849D /* AppDelegate.swift */,
				983BB2F91D58C7D10014849D /* Main.storyboard */,
				98BF89411D58D15600D782F8 /* MasterTableViewController.swift */,
				983BB2FC1D58C7D10014849D /* Assets.xcassets */,
				983BB2FE1D58C7D10014849D /* LaunchScreen.storyboard */,
				983BB3011D58C7D10014849D /* Info.plist */,
			);
			path = ShashankSR;
			sourceTree = "<group>";
		};
		983BB3091D58C7D10014849D /* ShashankSRTests */ = {
			isa = PBXGroup;
			children = (
				983BB30A1D58C7D10014849D /* ShashankSRTests.swift */,
				983BB30C1D58C7D10014849D /* Info.plist */,
			);
			path = ShashankSRTests;
			sourceTree = "<group>";
		};
		983BB3141D58C7D10014849D /* ShashankSRUITests */ = {
			isa = PBXGroup;
			children = (
				983BB3151D58C7D10014849D /* ShashankSRUITests.swift */,
				983BB3171D58C7D10014849D /* Info.plist */,
			);
			path = ShashankSRUITests;
			sourceTree = "<group>";
		};
/* End PBXGroup section */

/* Begin PBXNativeTarget section */
		983BB2F11D58C7D10014849D /* ShashankSR */ = {
			isa = PBXNativeTarget;
			buildConfigurationList = 983BB31A1D58C7D10014849D /* Build configuration list for PBXNativeTarget "ShashankSR" */;
			buildPhases = (
				5B6EB39E0542A0150237C0C9 /* [CP] Check Pods Manifest.lock */,
				983BB2EE1D58C7D10014849D /* Sources */,
				983BB2EF1D58C7D10014849D /* Frameworks */,
				983BB2F01D58C7D10014849D /* Resources */,
				A7828266C348D6BE5B28A81E /* [CP] Embed Pods Frameworks */,
				46A2C7476DF94B0F2E747EF5 /* [CP] Copy Pods Resources */,
			);
			buildRules = (
			);
			dependencies = (
			);
			name = ShashankSR;
			productName = ShashankSR;
			productReference = 983BB2F21D58C7D10014849D /* ShashankSR.app */;
			productType = "com.apple.product-type.application";
		};
		983BB3051D58C7D10014849D /* ShashankSRTests */ = {
			isa = PBXNativeTarget;
			buildConfigurationList = 983BB31D1D58C7D10014849D /* Build configuration list for PBXNativeTarget "ShashankSRTests" */;
			buildPhases = (
				6E25A9A8358424C41BDEACA8 /* [CP] Check Pods Manifest.lock */,
				983BB3021D58C7D10014849D /* Sources */,
				983BB3031D58C7D10014849D /* Frameworks */,
				983BB3041D58C7D10014849D /* Resources */,
				5DFB1914B2B9332DF0CCD82F /* [CP] Embed Pods Frameworks */,
				02D9EBFAC6C47CCA7E8F5F76 /* [CP] Copy Pods Resources */,
			);
			buildRules = (
			);
			dependencies = (
				983BB3081D58C7D10014849D /* PBXTargetDependency */,
			);
			name = ShashankSRTests;
			productName = ShashankSRTests;
			productReference = 983BB3061D58C7D10014849D /* ShashankSRTests.xctest */;
			productType = "com.apple.product-type.bundle.unit-test";
		};
		983BB3101D58C7D10014849D /* ShashankSRUITests */ = {
			isa = PBXNativeTarget;
			buildConfigurationList = 983BB3201D58C7D10014849D /* Build configuration list for PBXNativeTarget "ShashankSRUITests" */;
			buildPhases = (
				3F8C88D740219A0BE3024E9C /* [CP] Check Pods Manifest.lock */,
				983BB30D1D58C7D10014849D /* Sources */,
				983BB30E1D58C7D10014849D /* Frameworks */,
				983BB30F1D58C7D10014849D /* Resources */,
				217158F8687AE4C91AAC412D /* [CP] Copy Pods Resources */,
			);
			buildRules = (
			);
			dependencies = (
				983BB3131D58C7D10014849D /* PBXTargetDependency */,
			);
			name = ShashankSRUITests;
			productName = ShashankSRUITests;
			productReference = 983BB3111D58C7D10014849D /* ShashankSRUITests.xctest */;
			productType = "com.apple.product-type.bundle.ui-testing";
		};
/* End PBXNativeTarget section */

/* Begin PBXProject section */
		983BB2EA1D58C7D10014849D /* Project object */ = {
			isa = PBXProject;
			attributes = {
				LastSwiftUpdateCheck = 0730;
				LastUpgradeCheck = 0730;
				ORGANIZATIONNAME = Shashank;
				TargetAttributes = {
					983BB2F11D58C7D10014849D = {
						CreatedOnToolsVersion = 7.3.1;
					};
					983BB3051D58C7D10014849D = {
						CreatedOnToolsVersion = 7.3.1;
						TestTargetID = 983BB2F11D58C7D10014849D;
					};
					983BB3101D58C7D10014849D = {
						CreatedOnToolsVersion = 7.3.1;
						TestTargetID = 983BB2F11D58C7D10014849D;
					};
				};
			};
			buildConfigurationList = 983BB2ED1D58C7D10014849D /* Build configuration list for PBXProject "ShashankSR" */;
			compatibilityVersion = "Xcode 3.2";
			developmentRegion = English;
			hasScannedForEncodings = 0;
			knownRegions = (
				en,
				Base,
			);
			mainGroup = 983BB2E91D58C7D10014849D;
			productRefGroup = 983BB2F31D58C7D10014849D /* Products */;
			projectDirPath = "";
			projectRoot = "";
			targets = (
				983BB2F11D58C7D10014849D /* ShashankSR */,
				983BB3051D58C7D10014849D /* ShashankSRTests */,
				983BB3101D58C7D10014849D /* ShashankSRUITests */,
			);
		};
/* End PBXProject section */

/* Begin PBXResourcesBuildPhase section */
		983BB2F01D58C7D10014849D /* Resources */ = {
			isa = PBXResourcesBuildPhase;
			buildActionMask = 2147483647;
			files = (
				983BB3001D58C7D10014849D /* LaunchScreen.storyboard in Resources */,
				98A784661D5AF4E800BE449A /* Default-568h@2x.png in Resources */,
				983BB2FD1D58C7D10014849D /* Assets.xcassets in Resources */,
				983BB2FB1D58C7D10014849D /* Main.storyboard in Resources */,
			);
			runOnlyForDeploymentPostprocessing = 0;
		};
		983BB3041D58C7D10014849D /* Resources */ = {
			isa = PBXResourcesBuildPhase;
			buildActionMask = 2147483647;
			files = (
			);
			runOnlyForDeploymentPostprocessing = 0;
		};
		983BB30F1D58C7D10014849D /* Resources */ = {
			isa = PBXResourcesBuildPhase;
			buildActionMask = 2147483647;
			files = (
			);
			runOnlyForDeploymentPostprocessing = 0;
		};
/* End PBXResourcesBuildPhase section */

/* Begin PBXShellScriptBuildPhase section */
		02D9EBFAC6C47CCA7E8F5F76 /* [CP] Copy Pods Resources */ = {
			isa = PBXShellScriptBuildPhase;
			buildActionMask = 2147483647;
			files = (
			);
			inputPaths = (
			);
			name = "[CP] Copy Pods Resources";
			outputPaths = (
			);
			runOnlyForDeploymentPostprocessing = 0;
			shellPath = /bin/sh;
			shellScript = "\"${SRCROOT}/Pods/Target Support Files/Pods-ShashankSRTests/Pods-ShashankSRTests-resources.sh\"\n";
			showEnvVarsInLog = 0;
		};
		217158F8687AE4C91AAC412D /* [CP] Copy Pods Resources */ = {
			isa = PBXShellScriptBuildPhase;
			buildActionMask = 2147483647;
			files = (
			);
			inputPaths = (
			);
			name = "[CP] Copy Pods Resources";
			outputPaths = (
			);
			runOnlyForDeploymentPostprocessing = 0;
			shellPath = /bin/sh;
			shellScript = "\"${SRCROOT}/Pods/Target Support Files/Pods-ShashankSRUITests/Pods-ShashankSRUITests-resources.sh\"\n";
			showEnvVarsInLog = 0;
		};
		3F8C88D740219A0BE3024E9C /* [CP] Check Pods Manifest.lock */ = {
			isa = PBXShellScriptBuildPhase;
			buildActionMask = 2147483647;
			files = (
			);
			inputPaths = (
			);
			name = "[CP] Check Pods Manifest.lock";
			outputPaths = (
			);
			runOnlyForDeploymentPostprocessing = 0;
			shellPath = /bin/sh;
			shellScript = "diff \"${PODS_ROOT}/../Podfile.lock\" \"${PODS_ROOT}/Manifest.lock\" > /dev/null\nif [[ $? != 0 ]] ; then\n    cat << EOM\nerror: The sandbox is not in sync with the Podfile.lock. Run 'pod install' or update your CocoaPods installation.\nEOM\n    exit 1\nfi\n";
			showEnvVarsInLog = 0;
		};
		46A2C7476DF94B0F2E747EF5 /* [CP] Copy Pods Resources */ = {
			isa = PBXShellScriptBuildPhase;
			buildActionMask = 2147483647;
			files = (
			);
			inputPaths = (
			);
			name = "[CP] Copy Pods Resources";
			outputPaths = (
			);
			runOnlyForDeploymentPostprocessing = 0;
			shellPath = /bin/sh;
			shellScript = "\"${SRCROOT}/Pods/Target Support Files/Pods-ShashankSR/Pods-ShashankSR-resources.sh\"\n";
			showEnvVarsInLog = 0;
		};
		5B6EB39E0542A0150237C0C9 /* [CP] Check Pods Manifest.lock */ = {
			isa = PBXShellScriptBuildPhase;
			buildActionMask = 2147483647;
			files = (
			);
			inputPaths = (
			);
			name = "[CP] Check Pods Manifest.lock";
			outputPaths = (
			);
			runOnlyForDeploymentPostprocessing = 0;
			shellPath = /bin/sh;
			shellScript = "diff \"${PODS_ROOT}/../Podfile.lock\" \"${PODS_ROOT}/Manifest.lock\" > /dev/null\nif [[ $? != 0 ]] ; then\n    cat << EOM\nerror: The sandbox is not in sync with the Podfile.lock. Run 'pod install' or update your CocoaPods installation.\nEOM\n    exit 1\nfi\n";
			showEnvVarsInLog = 0;
		};
		5DFB1914B2B9332DF0CCD82F /* [CP] Embed Pods Frameworks */ = {
			isa = PBXShellScriptBuildPhase;
			buildActionMask = 2147483647;
			files = (
			);
			inputPaths = (
			);
			name = "[CP] Embed Pods Frameworks";
			outputPaths = (
			);
			runOnlyForDeploymentPostprocessing = 0;
			shellPath = /bin/sh;
			shellScript = "\"${SRCROOT}/Pods/Target Support Files/Pods-ShashankSRTests/Pods-ShashankSRTests-frameworks.sh\"\n";
			showEnvVarsInLog = 0;
		};
		6E25A9A8358424C41BDEACA8 /* [CP] Check Pods Manifest.lock */ = {
			isa = PBXShellScriptBuildPhase;
			buildActionMask = 2147483647;
			files = (
			);
			inputPaths = (
			);
			name = "[CP] Check Pods Manifest.lock";
			outputPaths = (
			);
			runOnlyForDeploymentPostprocessing = 0;
			shellPath = /bin/sh;
			shellScript = "diff \"${PODS_ROOT}/../Podfile.lock\" \"${PODS_ROOT}/Manifest.lock\" > /dev/null\nif [[ $? != 0 ]] ; then\n    cat << EOM\nerror: The sandbox is not in sync with the Podfile.lock. Run 'pod install' or update your CocoaPods installation.\nEOM\n    exit 1\nfi\n";
			showEnvVarsInLog = 0;
		};
		A7828266C348D6BE5B28A81E /* [CP] Embed Pods Frameworks */ = {
			isa = PBXShellScriptBuildPhase;
			buildActionMask = 2147483647;
			files = (
			);
			inputPaths = (
			);
			name = "[CP] Embed Pods Frameworks";
			outputPaths = (
			);
			runOnlyForDeploymentPostprocessing = 0;
			shellPath = /bin/sh;
			shellScript = "\"${SRCROOT}/Pods/Target Support Files/Pods-ShashankSR/Pods-ShashankSR-frameworks.sh\"\n";
			showEnvVarsInLog = 0;
		};
/* End PBXShellScriptBuildPhase section */

/* Begin PBXSourcesBuildPhase section */
		983BB2EE1D58C7D10014849D /* Sources */ = {
			isa = PBXSourcesBuildPhase;
			buildActionMask = 2147483647;
			files = (
				985548301D59AD2900A3BD9F /* Assign2ViewController.swift in Sources */,
				98BF89421D58D15600D782F8 /* MasterTableViewController.swift in Sources */,
				983BB2F61D58C7D10014849D /* AppDelegate.swift in Sources */,
				9855482E1D59AD1500A3BD9F /* Assign1ViewController.swift in Sources */,
			);
			runOnlyForDeploymentPostprocessing = 0;
		};
		983BB3021D58C7D10014849D /* Sources */ = {
			isa = PBXSourcesBuildPhase;
			buildActionMask = 2147483647;
			files = (
				983BB30B1D58C7D10014849D /* ShashankSRTests.swift in Sources */,
			);
			runOnlyForDeploymentPostprocessing = 0;
		};
		983BB30D1D58C7D10014849D /* Sources */ = {
			isa = PBXSourcesBuildPhase;
			buildActionMask = 2147483647;
			files = (
				983BB3161D58C7D10014849D /* ShashankSRUITests.swift in Sources */,
			);
			runOnlyForDeploymentPostprocessing = 0;
		};
/* End PBXSourcesBuildPhase section */

/* Begin PBXTargetDependency section */
		983BB3081D58C7D10014849D /* PBXTargetDependency */ = {
			isa = PBXTargetDependency;
			target = 983BB2F11D58C7D10014849D /* ShashankSR */;
			targetProxy = 983BB3071D58C7D10014849D /* PBXContainerItemProxy */;
		};
		983BB3131D58C7D10014849D /* PBXTargetDependency */ = {
			isa = PBXTargetDependency;
			target = 983BB2F11D58C7D10014849D /* ShashankSR */;
			targetProxy = 983BB3121D58C7D10014849D /* PBXContainerItemProxy */;
		};
/* End PBXTargetDependency section */

/* Begin PBXVariantGroup section */
		983BB2F91D58C7D10014849D /* Main.storyboard */ = {
			isa = PBXVariantGroup;
			children = (
				983BB2FA1D58C7D10014849D /* Base */,
			);
			name = Main.storyboard;
			sourceTree = "<group>";
		};
		983BB2FE1D58C7D10014849D /* LaunchScreen.storyboard */ = {
			isa = PBXVariantGroup;
			children = (
				983BB2FF1D58C7D10014849D /* Base */,
			);
			name = LaunchScreen.storyboard;
			sourceTree = "<group>";
		};
/* End PBXVariantGroup section */

/* Begin XCBuildConfiguration section */
		983BB3181D58C7D10014849D /* Debug */ = {
			isa = XCBuildConfiguration;
			buildSettings = {
				ALWAYS_SEARCH_USER_PATHS = NO;
				CLANG_ANALYZER_NONNULL = YES;
				CLANG_CXX_LANGUAGE_STANDARD = "gnu++0x";
				CLANG_CXX_LIBRARY = "libc++";
				CLANG_ENABLE_MODULES = YES;
				CLANG_ENABLE_OBJC_ARC = YES;
				CLANG_WARN_BOOL_CONVERSION = YES;
				CLANG_WARN_CONSTANT_CONVERSION = YES;
				CLANG_WARN_DIRECT_OBJC_ISA_USAGE = YES_ERROR;
				CLANG_WARN_EMPTY_BODY = YES;
				CLANG_WARN_ENUM_CONVERSION = YES;
				CLANG_WARN_INT_CONVERSION = YES;
				CLANG_WARN_OBJC_ROOT_CLASS = YES_ERROR;
				CLANG_WARN_UNREACHABLE_CODE = YES;
				CLANG_WARN__DUPLICATE_METHOD_MATCH = YES;
				"CODE_SIGN_IDENTITY[sdk=iphoneos*]" = "iPhone Developer";
				COPY_PHASE_STRIP = NO;
				DEBUG_INFORMATION_FORMAT = dwarf;
				ENABLE_STRICT_OBJC_MSGSEND = YES;
				ENABLE_TESTABILITY = YES;
				GCC_C_LANGUAGE_STANDARD = gnu99;
				GCC_DYNAMIC_NO_PIC = NO;
				GCC_NO_COMMON_BLOCKS = YES;
				GCC_OPTIMIZATION_LEVEL = 0;
				GCC_PREPROCESSOR_DEFINITIONS = (
					"DEBUG=1",
					"$(inherited)",
				);
				GCC_WARN_64_TO_32_BIT_CONVERSION = YES;
				GCC_WARN_ABOUT_RETURN_TYPE = YES_ERROR;
				GCC_WARN_UNDECLARED_SELECTOR = YES;
				GCC_WARN_UNINITIALIZED_AUTOS = YES_AGGRESSIVE;
				GCC_WARN_UNUSED_FUNCTION = YES;
				GCC_WARN_UNUSED_VARIABLE = YES;
				IPHONEOS_DEPLOYMENT_TARGET = 9.3;
				MTL_ENABLE_DEBUG_INFO = YES;
				ONLY_ACTIVE_ARCH = YES;
				SDKROOT = iphoneos;
				SWIFT_OPTIMIZATION_LEVEL = "-Onone";
				TARGETED_DEVICE_FAMILY = "1,2";
			};
			name = Debug;
		};
		983BB3191D58C7D10014849D /* Release */ = {
			isa = XCBuildConfiguration;
			buildSettings = {
				ALWAYS_SEARCH_USER_PATHS = NO;
				CLANG_ANALYZER_NONNULL = YES;
				CLANG_CXX_LANGUAGE_STANDARD = "gnu++0x";
				CLANG_CXX_LIBRARY = "libc++";
				CLANG_ENABLE_MODULES = YES;
				CLANG_ENABLE_OBJC_ARC = YES;
				CLANG_WARN_BOOL_CONVERSION = YES;
				CLANG_WARN_CONSTANT_CONVERSION = YES;
				CLANG_WARN_DIRECT_OBJC_ISA_USAGE = YES_ERROR;
				CLANG_WARN_EMPTY_BODY = YES;
				CLANG_WARN_ENUM_CONVERSION = YES;
				CLANG_WARN_INT_CONVERSION = YES;
				CLANG_WARN_OBJC_ROOT_CLASS = YES_ERROR;
				CLANG_WARN_UNREACHABLE_CODE = YES;
				CLANG_WARN__DUPLICATE_METHOD_MATCH = YES;
				"CODE_SIGN_IDENTITY[sdk=iphoneos*]" = "iPhone Developer";
				COPY_PHASE_STRIP = NO;
				DEBUG_INFORMATION_FORMAT = "dwarf-with-dsym";
				ENABLE_NS_ASSERTIONS = NO;
				ENABLE_STRICT_OBJC_MSGSEND = YES;
				GCC_C_LANGUAGE_STANDARD = gnu99;
				GCC_NO_COMMON_BLOCKS = YES;
				GCC_WARN_64_TO_32_BIT_CONVERSION = YES;
				GCC_WARN_ABOUT_RETURN_TYPE = YES_ERROR;
				GCC_WARN_UNDECLARED_SELECTOR = YES;
				GCC_WARN_UNINITIALIZED_AUTOS = YES_AGGRESSIVE;
				GCC_WARN_UNUSED_FUNCTION = YES;
				GCC_WARN_UNUSED_VARIABLE = YES;
				IPHONEOS_DEPLOYMENT_TARGET = 9.3;
				MTL_ENABLE_DEBUG_INFO = NO;
				SDKROOT = iphoneos;
				TARGETED_DEVICE_FAMILY = "1,2";
				VALIDATE_PRODUCT = YES;
			};
			name = Release;
		};
		983BB31B1D58C7D10014849D /* Debug */ = {
			isa = XCBuildConfiguration;
			baseConfigurationReference = DE3EC211C5C572E3DBD6CB40 /* Pods-ShashankSR.debug.xcconfig */;
			buildSettings = {
				ASSETCATALOG_COMPILER_APPICON_NAME = AppIcon;
				INFOPLIST_FILE = ShashankSR/Info.plist;
				LD_RUNPATH_SEARCH_PATHS = "$(inherited) @executable_path/Frameworks";
				PRODUCT_BUNDLE_IDENTIFIER = com.practo.ShashankSR;
				PRODUCT_NAME = "$(TARGET_NAME)";
			};
			name = Debug;
		};
		983BB31C1D58C7D10014849D /* Release */ = {
			isa = XCBuildConfiguration;
			baseConfigurationReference = 5B7146649049485C079DFF7A /* Pods-ShashankSR.release.xcconfig */;
			buildSettings = {
				ASSETCATALOG_COMPILER_APPICON_NAME = AppIcon;
				INFOPLIST_FILE = ShashankSR/Info.plist;
				LD_RUNPATH_SEARCH_PATHS = "$(inherited) @executable_path/Frameworks";
				PRODUCT_BUNDLE_IDENTIFIER = com.practo.ShashankSR;
				PRODUCT_NAME = "$(TARGET_NAME)";
			};
			name = Release;
		};
		983BB31E1D58C7D10014849D /* Debug */ = {
			isa = XCBuildConfiguration;
			baseConfigurationReference = 19E509A1AC0183F9C60948C6 /* Pods-ShashankSRTests.debug.xcconfig */;
			buildSettings = {
				BUNDLE_LOADER = "$(TEST_HOST)";
				INFOPLIST_FILE = ShashankSRTests/Info.plist;
				LD_RUNPATH_SEARCH_PATHS = "$(inherited) @executable_path/Frameworks @loader_path/Frameworks";
				PRODUCT_BUNDLE_IDENTIFIER = com.practo.ShashankSRTests;
				PRODUCT_NAME = "$(TARGET_NAME)";
				TEST_HOST = "$(BUILT_PRODUCTS_DIR)/ShashankSR.app/ShashankSR";
			};
			name = Debug;
		};
		983BB31F1D58C7D10014849D /* Release */ = {
			isa = XCBuildConfiguration;
			baseConfigurationReference = 1F978C48C7CE5C8D7F14D8BF /* Pods-ShashankSRTests.release.xcconfig */;
			buildSettings = {
				BUNDLE_LOADER = "$(TEST_HOST)";
				INFOPLIST_FILE = ShashankSRTests/Info.plist;
				LD_RUNPATH_SEARCH_PATHS = "$(inherited) @executable_path/Frameworks @loader_path/Frameworks";
				PRODUCT_BUNDLE_IDENTIFIER = com.practo.ShashankSRTests;
				PRODUCT_NAME = "$(TARGET_NAME)";
				TEST_HOST = "$(BUILT_PRODUCTS_DIR)/ShashankSR.app/ShashankSR";
			};
			name = Release;
		};
		983BB3211D58C7D10014849D /* Debug */ = {
			isa = XCBuildConfiguration;
			baseConfigurationReference = BB2E0E25F1555BFE5D5D363B /* Pods-ShashankSRUITests.debug.xcconfig */;
			buildSettings = {
				INFOPLIST_FILE = ShashankSRUITests/Info.plist;
				LD_RUNPATH_SEARCH_PATHS = "$(inherited) @executable_path/Frameworks @loader_path/Frameworks";
				PRODUCT_BUNDLE_IDENTIFIER = com.practo.ShashankSRUITests;
				PRODUCT_NAME = "$(TARGET_NAME)";
				TEST_TARGET_NAME = ShashankSR;
			};
			name = Debug;
		};
		983BB3221D58C7D10014849D /* Release */ = {
			isa = XCBuildConfiguration;
			baseConfigurationReference = 1C28BCDFD697C21381ED3178 /* Pods-ShashankSRUITests.release.xcconfig */;
			buildSettings = {
				INFOPLIST_FILE = ShashankSRUITests/Info.plist;
				LD_RUNPATH_SEARCH_PATHS = "$(inherited) @executable_path/Frameworks @loader_path/Frameworks";
				PRODUCT_BUNDLE_IDENTIFIER = com.practo.ShashankSRUITests;
				PRODUCT_NAME = "$(TARGET_NAME)";
				TEST_TARGET_NAME = ShashankSR;
			};
			name = Release;
		};
/* End XCBuildConfiguration section */

/* Begin XCConfigurationList section */
		983BB2ED1D58C7D10014849D /* Build configuration list for PBXProject "ShashankSR" */ = {
			isa = XCConfigurationList;
			buildConfigurations = (
				983BB3181D58C7D10014849D /* Debug */,
				983BB3191D58C7D10014849D /* Release */,
			);
			defaultConfigurationIsVisible = 0;
			defaultConfigurationName = Release;
		};
		983BB31A1D58C7D10014849D /* Build configuration list for PBXNativeTarget "ShashankSR" */ = {
			isa = XCConfigurationList;
			buildConfigurations = (
				983BB31B1D58C7D10014849D /* Debug */,
				983BB31C1D58C7D10014849D /* Release */,
			);
			defaultConfigurationIsVisible = 0;
			defaultConfigurationName = Release;
		};
		983BB31D1D58C7D10014849D /* Build configuration list for PBXNativeTarget "ShashankSRTests" */ = {
			isa = XCConfigurationList;
			buildConfigurations = (
				983BB31E1D58C7D10014849D /* Debug */,
				983BB31F1D58C7D10014849D /* Release */,
			);
			defaultConfigurationIsVisible = 0;
			defaultConfigurationName = Release;
		};
		983BB3201D58C7D10014849D /* Build configuration list for PBXNativeTarget "ShashankSRUITests" */ = {
			isa = XCConfigurationList;
			buildConfigurations = (
				983BB3211D58C7D10014849D /* Debug */,
				983BB3221D58C7D10014849D /* Release */,
			);
			defaultConfigurationIsVisible = 0;
			defaultConfigurationName = Release;
		};
/* End XCConfigurationList section */
	};
	rootObject = 983BB2EA1D58C7D10014849D /* Project object */;
}
